
Microsoft Visual Studio Solution File, Format Version 12.00
# Visual Studio 15
VisualStudioVersion = 15.0.28307.539
MinimumVisualStudioVersion = 10.0.40219.1
Project("{FAE04EC0-301F-11D3-BF4B-00C04F79EFBC}") = "Practic", "Practic\Practic.csproj", "{D8F3E8DF-038B-4271-A248-C87B74FB7E29}"
EndProject
Global
	GlobalSection(SolutionConfigurationPlatforms) = preSolution
		Debug|Any CPU = Debug|Any CPU
		Release|Any CPU = Release|Any CPU
	EndGlobalSection
	GlobalSection(ProjectConfigurationPlatforms) = postSolution
		{D8F3E8DF-038B-4271-A248-C87B74FB7E29}.Debug|Any CPU.ActiveCfg = Debug|Any CPU
		{D8F3E8DF-038B-4271-A248-C87B74FB7E29}.Debug|Any CPU.Build.0 = Debug|Any CPU
		{D8F3E8DF-038B-4271-A248-C87B74FB7E29}.Release|Any CPU.ActiveCfg = Release|Any CPU
		{D8F3E8DF-038B-4271-A248-C87B74FB7E29}.Release|Any CPU.Build.0 = Release|Any CPU
	EndGlobalSection
	GlobalSection(SolutionProperties) = preSolution
		HideSolutionNode = FALSE
	EndGlobalSection
	GlobalSection(ExtensibilityGlobals) = postSolution
		SolutionGuid = {A81DBF7A-3D56-4746-A58C-90397AF55193}
	EndGlobalSection
EndGlobal
