<?xml version="1.0" encoding="utf-8"?>
<Project ToolsVersion="4.0" xmlns="http://schemas.microsoft.com/developer/msbuild/2003">
  <ItemGroup>
    <Filter Include="Source Files">
      <UniqueIdentifier>{4FC737F1-C7A5-4376-A066-2A32D752A2FF}</UniqueIdentifier>
      <Extensions>cpp;c;cc;cxx;def;odl;idl;hpj;bat;asm;asmx</Extensions>
    </Filter>
    <Filter Include="Header Files">
      <UniqueIdentifier>{93995380-89BD-4b04-88EB-625FBE52EBFB}</UniqueIdentifier>
      <Extensions>h;hh;hpp;hxx;hm;inl;inc;ipp;xsd</Extensions>
    </Filter>
    <Filter Include="Resource Files">
      <UniqueIdentifier>{67DA6AB6-F800-4c08-8B7A-83BB121AAD01}</UniqueIdentifier>
      <Extensions>rc;ico;cur;bmp;dlg;rc2;rct;bin;rgs;gif;jpg;jpeg;jpe;resx;tiff;tif;png;wav;mfcribbon-ms</Extensions>
    </Filter>
    <Filter Include="Header Files\Domain">
      <UniqueIdentifier>{17474429-80bf-411a-9719-898a538b3e2b}</UniqueIdentifier>
    </Filter>
    <Filter Include="Header Files\Tests">
      <UniqueIdentifier>{e111eb27-a625-427e-8b63-d4d12d95fc5b}</UniqueIdentifier>
    </Filter>
    <Filter Include="Source Files\Tests">
      <UniqueIdentifier>{5c1f7fa5-6391-4057-b33a-c1b14aa1c2e4}</UniqueIdentifier>
    </Filter>
    <Filter Include="Source Files\Domain">
      <UniqueIdentifier>{86b84073-858f-471c-80fe-7dd0f1d001d0}</UniqueIdentifier>
    </Filter>
    <Filter Include="Source Files\Repository">
      <UniqueIdentifier>{0495b643-32d3-4c3a-8181-8c54f9f3c967}</UniqueIdentifier>
    </Filter>
    <Filter Include="Header Files\Repository">
      <UniqueIdentifier>{3bc6b1db-d607-449d-b642-9515aff12fd7}</UniqueIdentifier>
    </Filter>
    <Filter Include="Source Files\Service">
      <UniqueIdentifier>{df1cdca5-ff03-47f6-a1b6-5ea1e14a605b}</UniqueIdentifier>
    </Filter>
    <Filter Include="Header Files\Service">
      <UniqueIdentifier>{5c1d74e8-7f6a-459f-82fe-dae2f4ad76b5}</UniqueIdentifier>
    </Filter>
    <Filter Include="Header Files\Interface">
      <UniqueIdentifier>{3b1a8b2e-9dd5-4c29-b9de-2e7d9e20755a}</UniqueIdentifier>
    </Filter>
    <Filter Include="Source Files\Interface">
      <UniqueIdentifier>{ff937ab6-e5c8-4159-ba20-a72e4b0ef450}</UniqueIdentifier>
    </Filter>
    <Filter Include="Source Files\Validator">
      <UniqueIdentifier>{2e6cceec-fbb6-4101-9417-1c79b758e9a4}</UniqueIdentifier>
    </Filter>
    <Filter Include="Header Files\Validator">
      <UniqueIdentifier>{9e9a9f92-c9c2-4611-a762-cb0f740b030b}</UniqueIdentifier>
    </Filter>
  </ItemGroup>
  <ItemGroup>
    <ClInclude Include="Movie.h">
      <Filter>Header Files\Domain</Filter>
    </ClInclude>
    <ClInclude Include="TestDomain.h">
      <Filter>Header Files\Tests</Filter>
    </ClInclude>
    <ClInclude Include="MovieRepository.h">
      <Filter>Header Files\Repository</Filter>
    </ClInclude>
    <ClInclude Include="MovieRepositoryException.h">
      <Filter>Header Files\Repository</Filter>
    </ClInclude>
    <ClInclude Include="TestRepository.h">
      <Filter>Header Files\Tests</Filter>
    </ClInclude>
    <ClInclude Include="MovieService.h">
      <Filter>Header Files\Service</Filter>
    </ClInclude>
    <ClInclude Include="TestService.h">
      <Filter>Header Files\Tests</Filter>
    </ClInclude>
    <ClInclude Include="Console.h">
      <Filter>Header Files\Interface</Filter>
    </ClInclude>
    <ClInclude Include="Validator.h">
      <Filter>Header Files\Validator</Filter>
    </ClInclude>
    <ClInclude Include="TestValidator.h">
      <Filter>Header Files\Tests</Filter>
    </ClInclude>
    <ClInclude Include="MyList.h">
      <Filter>Header Files\Domain</Filter>
    </ClInclude>
    <ClInclude Include="TestMyList.h">
      <Filter>Header Files\Tests</Filter>
    </ClInclude>
    <ClInclude Include="WishlistService.h">
      <Filter>Header Files\Service</Filter>
    </ClInclude>
    <ClInclude Include="TestWishlist.h">
      <Filter>Header Files\Tests</Filter>
    </ClInclude>
  </ItemGroup>
  <ItemGroup>
    <ClCompile Include="Movie.cpp">
      <Filter>Source Files\Domain</Filter>
    </ClCompile>
    <ClCompile Include="TestDomain.cpp">
      <Filter>Source Files\Tests</Filter>
    </ClCompile>
    <ClCompile Include="main.cpp" />
    <ClCompile Include="MovieRepository.cpp">
      <Filter>Source Files\Repository</Filter>
    </ClCompile>
    <ClCompile Include="MovieRepositoryException.cpp">
      <Filter>Source Files\Repository</Filter>
    </ClCompile>
    <ClCompile Include="TestRepository.cpp">
      <Filter>Source Files\Tests</Filter>
    </ClCompile>
    <ClCompile Include="MovieService.cpp">
      <Filter>Source Files\Service</Filter>
    </ClCompile>
    <ClCompile Include="TestService.cpp">
      <Filter>Source Files\Tests</Filter>
    </ClCompile>
    <ClCompile Include="Console.cpp">
      <Filter>Source Files\Interface</Filter>
    </ClCompile>
    <ClCompile Include="Validator.cpp">
      <Filter>Source Files\Validator</Filter>
    </ClCompile>
    <ClCompile Include="TestValidator.cpp">
      <Filter>Source Files\Tests</Filter>
    </ClCompile>
    <ClCompile Include="MyList.cpp">
      <Filter>Source Files\Domain</Filter>
    </ClCompile>
    <ClCompile Include="TestMyList.cpp">
      <Filter>Source Files\Tests</Filter>
    </ClCompile>
    <ClCompile Include="WishlistService.cpp">
      <Filter>Source Files\Service</Filter>
    </ClCompile>
    <ClCompile Include="TestWishlist.cpp">
      <Filter>Source Files\Tests</Filter>
    </ClCompile>
  </ItemGroup>
</Project>