
Microsoft Visual Studio Solution File, Format Version 12.00
# Visual Studio 15
VisualStudioVersion = 15.0.28307.539
MinimumVisualStudioVersion = 10.0.40219.1
Project("{FAE04EC0-301F-11D3-BF4B-00C04F79EFBC}") = "PracticForm", "PracticForm\PracticForm.csproj", "{78A739E0-B77E-4C85-9774-A694762EAA83}"
EndProject
Global
	GlobalSection(SolutionConfigurationPlatforms) = preSolution
		Debug|Any CPU = Debug|Any CPU
		Release|Any CPU = Release|Any CPU
	EndGlobalSection
	GlobalSection(ProjectConfigurationPlatforms) = postSolution
		{78A739E0-B77E-4C85-9774-A694762EAA83}.Debug|Any CPU.ActiveCfg = Debug|Any CPU
		{78A739E0-B77E-4C85-9774-A694762EAA83}.Debug|Any CPU.Build.0 = Debug|Any CPU
		{78A739E0-B77E-4C85-9774-A694762EAA83}.Release|Any CPU.ActiveCfg = Release|Any CPU
		{78A739E0-B77E-4C85-9774-A694762EAA83}.Release|Any CPU.Build.0 = Release|Any CPU
	EndGlobalSection
	GlobalSection(SolutionProperties) = preSolution
		HideSolutionNode = FALSE
	EndGlobalSection
	GlobalSection(ExtensibilityGlobals) = postSolution
		SolutionGuid = {B58DA319-EA9A-4000-9D8D-1A860B0B98EF}
	EndGlobalSection
EndGlobal
